
Microsoft Visual Studio Solution File, Format Version 12.00
# Visual Studio Version 17
VisualStudioVersion = 17.0.32014.148
MinimumVisualStudioVersion = 10.0.40219.1
Project("{FAE04EC0-301F-11D3-BF4B-00C04F79EFBC}") = "TestProject1", "TestProject1.csproj", "{4A4CF4C6-A20C-416D-8110-A674166DE438}"
EndProject
Global
	GlobalSection(SolutionConfigurationPlatforms) = preSolution
		Debug|Any CPU = Debug|Any CPU
		Release|Any CPU = Release|Any CPU
	EndGlobalSection
	GlobalSection(ProjectConfigurationPlatforms) = postSolution
		{4A4CF4C6-A20C-416D-8110-A674166DE438}.Debug|Any CPU.ActiveCfg = Debug|Any CPU
		{4A4CF4C6-A20C-416D-8110-A674166DE438}.Debug|Any CPU.Build.0 = Debug|Any CPU
		{4A4CF4C6-A20C-416D-8110-A674166DE438}.Release|Any CPU.ActiveCfg = Release|Any CPU
		{4A4CF4C6-A20C-416D-8110-A674166DE438}.Release|Any CPU.Build.0 = Release|Any CPU
	EndGlobalSection
	GlobalSection(SolutionProperties) = preSolution
		HideSolutionNode = FALSE
	EndGlobalSection
	GlobalSection(ExtensibilityGlobals) = postSolution
		SolutionGuid = {3461332C-E839-4666-A6FC-C417E74A8273}
	EndGlobalSection
EndGlobal
